{
  "name": "frontend",
  "version": "1.0.0",
  "lockfileVersion": 3,
  "requires": true,
  "packages": {
    "": {
      "name": "frontend",
      "version": "1.0.0",
      "license": "ISC",
      "dependencies": {
        "chalk": "^5.3.0",
        "export": "^0.1.337",
        "exports": "^0.0.1",
        "jwt-decode": "^4.0.0",
        "keywords": "^0.1.2"
      }
    },
    "node_modules/abbrev": {
      "version": "1.1.1",
      "resolved": "https://registry.npmjs.org/abbrev/-/abbrev-1.1.1.tgz",
      "integrity": "sha512-nne9/IiQ/hzIhY6pdDnbBtz7DjPTKrY00P/zvPSm5pOFkl6xuGrGnXn/VtTNNfNtAfZ9/1RtehkszU9qcTii0Q=="
    },
    "node_modules/ansi-styles": {
      "version": "1.0.0",
      "resolved": "https://registry.npmjs.org/ansi-styles/-/ansi-styles-1.0.0.tgz",
      "integrity": "sha512-3iF4FIKdxaVYT3JqQuY3Wat/T2t7TRbbQ94Fu50ZUCbLy4TFbTzr90NOHQodQkNqmeEGCw8WbeP78WNi6SKYUA==",
      "engines": {
        "node": ">=0.8.0"
      }
    },
    "node_modules/arr-diff": {
      "version": "0.1.1",
      "resolved": "https://registry.npmjs.org/arr-diff/-/arr-diff-0.1.1.tgz",
      "integrity": "sha512-GVLqDWXBl+vJtQIyGgIAMkeRMS2Z6NTutqa9xscv4sGuuHFaAF9miG/ZPQDlmx8JyFWNL5ke31cpCrb9Nl4ucw==",
      "engines": {
        "node": ">=0.10.0"
      }
    },
    "node_modules/chalk": {
      "version": "5.3.0",
      "resolved": "https://registry.npmjs.org/chalk/-/chalk-5.3.0.tgz",
      "integrity": "sha512-dLitG79d+GV1Nb/VYcCDFivJeK1hiukt9QjRNVOsUtTy1rR1YJsmpGGTZ3qJos+uw7WmWF4wUwBd9jxjocFC2w==",
      "engines": {
        "node": "^12.17.0 || ^14.13 || >=16.0.0"
      },
      "funding": {
        "url": "https://github.com/chalk/chalk?sponsor=1"
      }
    },
    "node_modules/common-words": {
      "version": "0.1.3",
      "resolved": "https://registry.npmjs.org/common-words/-/common-words-0.1.3.tgz",
      "integrity": "sha512-g/zZAwbC4LCfYcGzQoMxFAhGmPuH3ZfyMV5xd4wAY0HyRLWP/K/gRXDBiMJNYzAxX4sSjtUwHpUdRKe2ibjCZg==",
      "engines": {
        "node": ">=0.8"
      }
    },
    "node_modules/export": {
      "version": "0.1.337",
      "resolved": "https://registry.npmjs.org/export/-/export-0.1.337.tgz",
      "integrity": "sha512-KWbYrqjAfCPTbtQwl3FgtnSYEanhDD/gUuEWmR2T1x94cR0daM90jnQXhOjqFLphwMWZH12LeGl5JF3SI6mRug==",
      "dependencies": {
        "nopt": "2.1.x",
        "underscore": "1.4.x"
      },
      "bin": {
        "exportjs": "bin/exportjs"
      }
    },
    "node_modules/exports": {
      "version": "0.0.1",
      "resolved": "https://registry.npmjs.org/exports/-/exports-0.0.1.tgz",
      "integrity": "sha512-F0nSUYX1dE87NoTw3XEnfD/5mWW9SHgchLFYhMQOX6TT86fjNQH2HGqpZLITU6SNvS19uycEffNDBtQx06xeCA==",
      "dependencies": {
        "super": "0.1.0"
      },
      "engines": {
        "node": ">= 0.6.0"
      }
    },
    "node_modules/has-color": {
      "version": "0.1.7",
      "resolved": "https://registry.npmjs.org/has-color/-/has-color-0.1.7.tgz",
      "integrity": "sha512-kaNz5OTAYYmt646Hkqw50/qyxP2vFnTVu5AQ1Zmk22Kk5+4Qx6BpO8+u7IKsML5fOsFk0ZT0AcCJNYwcvaLBvw==",
      "engines": {
        "node": ">=0.10.0"
      }
    },
    "node_modules/jwt-decode": {
      "version": "4.0.0",
      "resolved": "https://registry.npmjs.org/jwt-decode/-/jwt-decode-4.0.0.tgz",
      "integrity": "sha512-+KJGIyHgkGuIq3IEBNftfhW/LfWhXUIY6OmyVWjliu5KH1y0fw7VQ8YndE2O4qZdMSd9SqbnC8GOcZEy0Om7sA==",
      "engines": {
        "node": ">=18"
      }
    },
    "node_modules/keywords": {
      "version": "0.1.2",
      "resolved": "https://registry.npmjs.org/keywords/-/keywords-0.1.2.tgz",
      "integrity": "sha512-hUPx3L621unSOAGaHfAV7pG2HBpovUarZHUCpQ0H79fGNpFqd7pzUnbGvDU+MJOiIdTPU6TDV1ZoPEHDGj5GLg==",
      "dependencies": {
        "arr-diff": "^0.1.0",
        "minimist": "~0.0.8",
        "normalize-keywords": "^0.1.0",
        "verbalize": "~0.1.1"
      },
      "bin": {
        "keywords": "cli.js"
      },
      "engines": {
        "node": ">=0.8"
      }
    },
    "node_modules/lodash": {
      "version": "2.4.2",
      "resolved": "https://registry.npmjs.org/lodash/-/lodash-2.4.2.tgz",
      "integrity": "sha512-Kak1hi6/hYHGVPmdyiZijoQyz5x2iGVzs6w9GYB/HiXEtylY7tIoYEROMjvM1d9nXJqPOrG2MNPMn01bJ+S0Rw==",
      "engines": [
        "node",
        "rhino"
      ]
    },
    "node_modules/minimist": {
      "version": "0.0.10",
      "resolved": "https://registry.npmjs.org/minimist/-/minimist-0.0.10.tgz",
      "integrity": "sha512-iotkTvxc+TwOm5Ieim8VnSNvCDjCK9S8G3scJ50ZthspSxa7jx50jkhYduuAtAjvfDUwSgOwf8+If99AlOEhyw=="
    },
    "node_modules/nopt": {
      "version": "2.1.2",
      "resolved": "https://registry.npmjs.org/nopt/-/nopt-2.1.2.tgz",
      "integrity": "sha512-x8vXm7BZ2jE1Txrxh/hO74HTuYZQEbo8edoRcANgdZ4+PCV+pbjd/xdummkmjjC7LU5EjPzlu8zEq/oxWylnKA==",
      "dependencies": {
        "abbrev": "1"
      },
      "bin": {
        "nopt": "bin/nopt.js"
      }
    },
    "node_modules/normalize-keywords": {
      "version": "0.1.6",
      "resolved": "https://registry.npmjs.org/normalize-keywords/-/normalize-keywords-0.1.6.tgz",
      "integrity": "sha512-TZp4Rn8w9QJkpgdy7IjtkoSL4UHsG/nAQasT0wXbULwl846qMVpd7sI4xuRuAPYtge4mkissNH4nv02e8N4CxA==",
      "dependencies": {
        "common-words": "^0.1.3",
        "lodash": "^2.4.1",
        "unique-words": "0.0.2"
      },
      "engines": {
        "node": ">=0.10.0"
      }
    },
    "node_modules/strip-ansi": {
      "version": "0.1.1",
      "resolved": "https://registry.npmjs.org/strip-ansi/-/strip-ansi-0.1.1.tgz",
      "integrity": "sha512-behete+3uqxecWlDAm5lmskaSaISA+ThQ4oNNBDTBJt0x2ppR6IPqfZNuj6BLaLJ/Sji4TPZlcRyOis8wXQTLg==",
      "bin": {
        "strip-ansi": "cli.js"
      },
      "engines": {
        "node": ">=0.8.0"
      }
    },
    "node_modules/super": {
      "version": "0.1.0",
      "resolved": "https://registry.npmjs.org/super/-/super-0.1.0.tgz",
      "integrity": "sha512-IjrvwaNPY4fqZzURlvon14cpwGbH4uEIlSyOS/Go8s7hiz9JkYbdHvcvqu6bui/TT1z4+RCQLRmc/tT+k+wZew==",
      "engines": {
        "node": ">= 0.6.0 < 0.7.0"
      }
    },
    "node_modules/underscore": {
      "version": "1.4.4",
      "resolved": "https://registry.npmjs.org/underscore/-/underscore-1.4.4.tgz",
      "integrity": "sha512-ZqGrAgaqqZM7LGRzNjLnw5elevWb5M8LEoDMadxIW3OWbcv72wMMgKdwOKpd5Fqxe8choLD8HN3iSj3TUh/giQ=="
    },
    "node_modules/unique-words": {
      "version": "0.0.2",
      "resolved": "https://registry.npmjs.org/unique-words/-/unique-words-0.0.2.tgz",
      "integrity": "sha512-Q2202gJ3VLtU8R/GMBbQZSgVQkPXQNrgOlBHGjWIp3dpeFRM+3e39goZC0lCkyKw3hW2MUNDeW7GkIeJ/shEPw==",
      "engines": {
        "node": ">=0.8"
      }
    },
    "node_modules/verbalize": {
      "version": "0.1.2",
      "resolved": "https://registry.npmjs.org/verbalize/-/verbalize-0.1.2.tgz",
      "integrity": "sha512-np7jPE3fqF3KHwZJ6hy+3O/E4DwYVZtktw0I6viZsaCxOzq1WRUdBf9O0Ur3qKa1qcvftpvvljiLyRUIYcMNhw==",
      "dependencies": {
        "chalk": "~0.4.0"
      },
      "engines": {
        "node": ">=0.10.0",
        "npm": ">=1.2.10"
      }
    },
    "node_modules/verbalize/node_modules/chalk": {
      "version": "0.4.0",
      "resolved": "https://registry.npmjs.org/chalk/-/chalk-0.4.0.tgz",
      "integrity": "sha512-sQfYDlfv2DGVtjdoQqxS0cEZDroyG8h6TamA6rvxwlrU5BaSLDx9xhatBYl2pxZ7gmpNaPFVwBtdGdu5rQ+tYQ==",
      "dependencies": {
        "ansi-styles": "~1.0.0",
        "has-color": "~0.1.0",
        "strip-ansi": "~0.1.0"
      },
      "engines": {
        "node": ">=0.8.0"
      }
    }
  }
}
